{
  "pins" : [
    {
      "identity" : "swift-documentation-extract",
      "kind" : "remoteSourceControl",
      "location" : "https://github.com/swift-biome/swift-documentation-extract",
      "state" : {
        "revision" : "d2c6919e9735097f8f54e718d456875c1f4ccd6e",
        "version" : "0.2.1"
      }
    }
  ],
  "version" : 2
}
